
Microsoft Visual Studio Solution File, Format Version 12.00
# Visual Studio Version 16
VisualStudioVersion = 16.0.30406.217
MinimumVisualStudioVersion = 10.0.40219.1
Project("{FAE04EC0-301F-11D3-BF4B-00C04F79EFBC}") = "Budget Tracker", "Budget Tracker\Budget Tracker.csproj", "{9EACA332-88F8-4155-A09C-68F222F7CFC1}"
EndProject
Global
	GlobalSection(SolutionConfigurationPlatforms) = preSolution
		Debug|Any CPU = Debug|Any CPU
		Release|Any CPU = Release|Any CPU
	EndGlobalSection
	GlobalSection(ProjectConfigurationPlatforms) = postSolution
		{9EACA332-88F8-4155-A09C-68F222F7CFC1}.Debug|Any CPU.ActiveCfg = Debug|Any CPU
		{9EACA332-88F8-4155-A09C-68F222F7CFC1}.Debug|Any CPU.Build.0 = Debug|Any CPU
		{9EACA332-88F8-4155-A09C-68F222F7CFC1}.Release|Any CPU.ActiveCfg = Release|Any CPU
		{9EACA332-88F8-4155-A09C-68F222F7CFC1}.Release|Any CPU.Build.0 = Release|Any CPU
	EndGlobalSection
	GlobalSection(SolutionProperties) = preSolution
		HideSolutionNode = FALSE
	EndGlobalSection
	GlobalSection(ExtensibilityGlobals) = postSolution
		SolutionGuid = {78E1E7AB-D0BA-4385-96A4-274831EB4B1C}
	EndGlobalSection
EndGlobal
